{
    "_meta": {
        "hash": {
            "sha256": "ed1438c30efd21b00e1caf90622cbfc3966a0ea0d4f414f32d107821cd3124aa"
        },
        "pipfile-spec": 6,
        "requires": {},
        "sources": [
            {
                "name": "pypi",
                "url": "https://pypi.python.org/simple",
                "verify_ssl": true
            }
        ]
    },
    "default": {
        "certifi": {
            "hashes": [
                "sha256:35824b4c3a97115964b408844d64aa14db1cc518f6562e8d7261699d1350a9e3",
                "sha256:4ad3232f5e926d6718ec31cfc1fcadfde020920e278684144551c91769c7bc18"
            ],
            "index": "pypi",
            "version": "==2022.12.7"
        },
        "charset-normalizer": {
            "hashes": [
                "sha256:5a3d016c7c547f69d6f81fb0db9449ce888b418b5b9952cc5e6e66843e9dd845",
                "sha256:83e9a75d1911279afd89352c68b45348559d1fc0506b054b346651b5e7fee29f"
            ],
            "markers": "python_version >= '3.6'",
            "version": "==2.1.1"
        },
        "cymem": {
            "hashes": [
                "sha256:00bb3645dfb9a020d735ba3d6f822b04656388180588d8b2cebde967ee678bcc",
                "sha256:043994a622efba3a79ed1707c0279d85f25bdf9a615c2709561790b659795375",
                "sha256:0dd61d05977839a922c0d797c355b98949210575918b1743b41e38ae9fb2c3a7",
                "sha256:23c20163e2e74c760259a7feee264b5eaf7879d7818ab13025b2be69d7b8b66a",
                "sha256:2957a6ccd96d48896c736014b96fae64164f9d18cf773b53cbdc1ea4eab7f4dc",
                "sha256:495bd2aaeb7650faa7c78089abd2d975194534462e1f76243b3bc8aa1d8aa202",
                "sha256:4bc1056b52d959fcbb1e0f32ec84fa131754d6be1e36b65782c6ac86419f4bf3",
                "sha256:4c5d9ca6ec706792b8d9b1faf6db77b95545c388c768b21d940f197aa7efbb7e",
                "sha256:50292f4dd0d950a8698bae27d71efe59da7ff08e591b735e08b658aae42c4745",
                "sha256:5f3fb50c7a8e6d7f599e569f1b705e41f9e2d550fad48e3a275b4f5450412216",
                "sha256:616d06333f46dd03c128d97912d361183fc02249e6420a7b7907b41214c51562",
                "sha256:7b2e8600bc6c2d005f8cf47ac5fc99eee45df82c8c71677fb075ca6c2c8ca16b",
                "sha256:7b6a1a17bab8af967e7cfb6b2ec5c5aa8650d0bce4f176cddbf7638e8e02c9e1",
                "sha256:944af97d4d34a2470b5199f1c31d2dfc79cdec7bd7a41354d839a8ab87fdfaa6",
                "sha256:9709fa4b5caa2ebb05e9f12aab3388431970ae5f5a7dad3a7b9670874b469012",
                "sha256:b38056efb99078b06c504adb5f03a8d9e822a5543451737b746028a71c4b1ac3",
                "sha256:b5aceab17228dc6c6d126eb18e2f7801bcb5293eee719a1a240636c6cca970f0",
                "sha256:b6513b2926c60d641f159e79e6fb16460dfb50ebcce31a5af0370c51837c7efc",
                "sha256:b8cf65f386caf97b953fc0b9d363e2e404591de672c7b468eba7483099d7f773",
                "sha256:c0963ec0e81adc95334d6f75c9ce5084ba7b813b7d515470a753ec57f76db6d5",
                "sha256:c178cb784531546ac6bbe2c9a4c4b077fd03d97c4a67c8ea84e1d2a50d872f23",
                "sha256:cabc0aeb58a451627ef07beac16dd28a1a09a4dd554df9f9dd0a76a48a8454e0",
                "sha256:cfa8415504cd06f6bf93e3b7e2f014ee675a66a435dd47f8c70a21880ab92ed6",
                "sha256:d7ce7b63a74566490d4661d3934870741cd0e37c3543cdf73c09c79501f1cf8a",
                "sha256:daa6003fcc199752ab703142021cff74774872a932303b240dc0ea177adf295d",
                "sha256:e0a60d03f2b2656ecf13c717aa9ebc17878862027c549bbb1f7a25226dfc3297",
                "sha256:f06d9b50da0474d7405674d8101c319d89a17d33792d6d429fe3d5c64f0d9df1"
            ],
            "index": "pypi",
            "version": "==1.31.2"
        },
        "cytoolz": {
            "hashes": [
                "sha256:84cc06fa40aa310f2df79dd440fc5f84c3e20f01f9f7783fc9c38d0a11ba00e5"
            ],
            "version": "==0.9.0.1"
        },
        "dill": {
            "hashes": [
                "sha256:f6d6046f9f9195206063dd0415dff185ad593d6ee8b0e67f12597c0f4df4986f"
            ],
            "markers": "python_version >= '2.5' and python_version != '3.0'",
            "version": "==0.2.9"
        },
        "ftfy": {
            "hashes": [
                "sha256:3c0066db64a98436e751e56414f03f1cdea54f29364c0632c141c36cca6a5d94"
            ],
            "version": "==4.4.3"
        },
        "html5lib": {
            "hashes": [
                "sha256:18f4d63fa56836e3d62e96a44d06fcfe01a9be397a222368ee21403b64c176d2"
            ],
            "version": "==1.0b8"
        },
        "idna": {
            "hashes": [
                "sha256:814f528e8dead7d329833b91c5faa87d60bf71824cd12a7530b5526063d02cb4",
                "sha256:90b77e79eaa3eba6de819a0c442c0b4ceefc341a7a2ab77d7562bf49f425c5c2"
            ],
            "markers": "python_version >= '3.5'",
            "version": "==3.4"
        },
        "msgpack": {
            "hashes": [
                "sha256:0cc7ca04e575ba34fea7cfcd76039f55def570e6950e4155a4174368142c8e1b",
                "sha256:187794cd1eb73acccd528247e3565f6760bd842d7dc299241f830024a7dd5610",
                "sha256:1904b7cb65342d0998b75908304a03cb004c63ef31e16c8c43fee6b989d7f0d7",
                "sha256:229a0ccdc39e9b6c6d1033cd8aecd9c296823b6c87f0de3943c59b8bc7c64bee",
                "sha256:24149a75643aeaa81ece4259084d11b792308a6cf74e796cbb35def94c89a25a",
                "sha256:30b88c47e0cdb6062daed88ca283b0d84fa0d2ad6c273aa0788152a1c643e408",
                "sha256:32fea0ea3cd1ef820286863a6202dcfd62a539b8ec3edcbdff76068a8c2cc6ce",
                "sha256:355f7fd0f90134229eaeefaee3cf42e0afc8518e8f3cd4b25f541a7104dcb8f9",
                "sha256:4abdb88a9b67e64810fb54b0c24a1fd76b12297b4f7a1467d85a14dd8367191a",
                "sha256:757bd71a9b89e4f1db0622af4436d403e742506dbea978eba566815dc65ec895",
                "sha256:76df51492bc6fa6cc8b65d09efdb67cbba3cbfe55004c3afc81352af92b4a43c",
                "sha256:774f5edc3475917cd95fe593e625d23d8580f9b48b570d8853d06cac171cd170",
                "sha256:8a3ada8401736df2bf497f65589293a86c56e197a80ae7634ec2c3150a2f5082",
                "sha256:a06efd0482a1942aad209a6c18321b5e22d64eb531ea20af138b28172d8f35ba",
                "sha256:b24afc52e18dccc8c175de07c1d680bdf315844566f4952b5bedb908894bec79",
                "sha256:b8b4bd3dafc7b92608ae5462add1c8cc881851c2d4f5d8977fdea5b081d17f21",
                "sha256:c6e5024fc0cdf7f83b6624850309ddd7e06c48a75fa0d1c5173de4d93300eb19",
                "sha256:db7ff14abc73577b0bcbcf73ecff97d3580ecaa0fc8724babce21fdf3fe08ef6",
                "sha256:dedf54d72d9e7b6d043c244c8213fe2b8bbfe66874b9a65b39c4cc892dd99dd4",
                "sha256:ea3c2f859346fcd55fc46e96885301d9c2f7a36d453f5d8f2967840efa1e1830",
                "sha256:f0f47bafe9c9b8ed03e19a100a743662dd8c6d0135e684feea720a0d0046d116"
            ],
            "version": "==0.6.2"
        },
        "msgpack-numpy": {
            "hashes": [
                "sha256:6947df61826a2917e38dbe07957a0c70dc82dce93ec38153dae850fdd21a4583",
                "sha256:afc603c7cf8497fb125a8c8c713518a004e9662101f088e3d4fcf7688b08eeb3"
            ],
            "version": "==0.4.1"
        },
        "msgpack-python": {
            "hashes": [
                "sha256:c1f3f8d02206f84258a3b4f99fbc0a4e3c849721c9361196c3bfd5243e4304cd"
            ],
            "version": "==0.5.4"
        },
        "murmurhash": {
            "hashes": [
                "sha256:00087c461525ed851e0282c30b4b1b6b560bd7c401efe11af8d9ebdc02c85fe3",
                "sha256:07f22a9e46562619850645b33a2c3a9f6ffaaaf2182d547da461407ee827a656",
                "sha256:40ef662d7ad43e8c638956ce3b2e3989082d4eeb5e807a416279aba4c56d5f58",
                "sha256:469a65512d3ae983428f584bb12dac129d76f07eb034f46142d5e899c67c270d",
                "sha256:481fc93c813e5b6205ea00a79ce2f091c3e5b2668f0e461a9caeeb6dee8df9ae",
                "sha256:5b2f34d65adc5990232914f3ffd59feeba2c9ea00827c2f7a21cb9f690263a38",
                "sha256:64f77393cf4d4413c03d66cde5089d8a372ec31e4df1acaf69caa30407046824",
                "sha256:651137ed3e1169342c9edade454f3beb7fcdf28d4ad1ac232725237eaf442d9a",
                "sha256:7e06ee25cfdf896390c33e71b9624c6429dd792fd022e1462db63995159dcaac",
                "sha256:865f82e4105f6a5f808826d654c76953f86c07fc7842ef18108f48e702f683fc",
                "sha256:a13deec99d5f02f641852cfb3d594421c492da2bf0da6b38fd3c43fb0000e244",
                "sha256:a66e890728a9b19cbeca577755c26f1196822afd3d5f7892cacc89613e03b32f",
                "sha256:b42f64c0d3452abc13e079585b8b358ef874b436a83f59d551558e709d115b9b",
                "sha256:bd237c8513186a03c06a404f984803a70aa4377c621006c23c44d7ec084872f6",
                "sha256:cb80a64c51172659fc6eaa8a9ef4b8f963c8b874c5801e9f9855acc6f4f377fb",
                "sha256:cf15017b1b79bcf8e64cd66df13ab4165f5509cf8b484f9cd892bf50474abc04",
                "sha256:d8505fe596c353e1822609a0b7a62a886d6971430f60b5c769682eb90155ba6e",
                "sha256:d897dc6f859a27d2a48625b015243d000eb6ccc472abf5e69002b0cbaa7de3d9",
                "sha256:dd80ba252d62046a5d7c8beef564c39ee869b23d8a0e8367846c118fa87a6321",
                "sha256:f0f6643d6ead18cd15e30c9ffbb093d0f5bbd0efeab2aba937ffba169fe5a0a4"
            ],
            "version": "==0.28.0"
        },
        "numpy": {
            "hashes": [
                "sha256:01dd17cbb340bf0fc23981e52e1d18a9d4050792e8fb8363cecbf066a84b827d",
                "sha256:06005a2ef6014e9956c09ba07654f9837d9e26696a0470e42beedadb78c11b07",
                "sha256:09b7847f7e83ca37c6e627682f145856de331049013853f344f37b0c9690e3df",
                "sha256:0aaee12d8883552fadfc41e96b4c82ee7d794949e2a7c3b3a7201e968c7ecab9",
                "sha256:0cbe9848fad08baf71de1a39e12d1b6310f1d5b2d0ea4de051058e6e1076852d",
                "sha256:1b1766d6f397c18153d40015ddfc79ddb715cabadc04d2d228d4e5a8bc4ded1a",
                "sha256:33161613d2269025873025b33e879825ec7b1d831317e68f4f2f0f84ed14c719",
                "sha256:5039f55555e1eab31124a5768898c9e22c25a65c1e0037f4d7c495a45778c9f2",
                "sha256:522e26bbf6377e4d76403826ed689c295b0b238f46c28a7251ab94716da0b280",
                "sha256:56e454c7833e94ec9769fa0f86e6ff8e42ee38ce0ce1fa4cbb747ea7e06d56aa",
                "sha256:58f545efd1108e647604a1b5aa809591ccd2540f468a880bedb97247e72db387",
                "sha256:5e05b1c973a9f858c74367553e236f287e749465f773328c8ef31abe18f691e1",
                "sha256:7903ba8ab592b82014713c491f6c5d3a1cde5b4a3bf116404e08f5b52f6daf43",
                "sha256:8969bfd28e85c81f3f94eb4a66bc2cf1dbdc5c18efc320af34bffc54d6b1e38f",
                "sha256:92c8c1e89a1f5028a4c6d9e3ccbe311b6ba53694811269b992c0b224269e2398",
                "sha256:9c88793f78fca17da0145455f0d7826bcb9f37da4764af27ac945488116efe63",
                "sha256:a7ac231a08bb37f852849bbb387a20a57574a97cfc7b6cabb488a4fc8be176de",
                "sha256:abdde9f795cf292fb9651ed48185503a2ff29be87770c3b8e2a14b0cd7aa16f8",
                "sha256:af1da88f6bc3d2338ebbf0e22fe487821ea4d8e89053e25fa59d1d79786e7481",
                "sha256:b2a9ab7c279c91974f756c84c365a669a887efa287365a8e2c418f8b3ba73fb0",
                "sha256:bf837dc63ba5c06dc8797c398db1e223a466c7ece27a1f7b5232ba3466aafe3d",
                "sha256:ca51fcfcc5f9354c45f400059e88bc09215fb71a48d3768fb80e357f3b457e1e",
                "sha256:ce571367b6dfe60af04e04a1834ca2dc5f46004ac1cc756fb95319f64c095a96",
                "sha256:d208a0f8729f3fb790ed18a003f3a57895b989b40ea4dce4717e9cf4af62c6bb",
                "sha256:dbee87b469018961d1ad79b1a5d50c0ae850000b639bcb1b694e9981083243b6",
                "sha256:e9f4c4e51567b616be64e05d517c79a8a22f3606499941d97bb76f2ca59f982d",
                "sha256:f063b69b090c9d918f9df0a12116029e274daf0181df392839661c4c7ec9018a",
                "sha256:f9a909a8bae284d46bbfdefbdd4a262ba19d3bc9921b1e76126b1d21c3c34135"
            ],
            "markers": "python_version >= '3.8'",
            "version": "==1.23.5"
        },
        "pathlib": {
            "hashes": [
                "sha256:6940718dfc3eff4258203ad5021090933e5c04707d5ca8cc9e73c94a7894ea9f",
                "sha256:f35f95ab8b0f59e6d354090350b44a80a80635d22efdedfa84c7ad1cf0a74147"
            ],
            "version": "==1.0.1"
        },
        "plac": {
            "hashes": [
                "sha256:854693ad90367e8267112ffbb8955f57d6fdeac3191791dc9ffce80f87fd2370",
                "sha256:ba3f719a018175f0a15a6b04e6cc79c25fd563d348aacd320c3644d2a9baf89b"
            ],
            "version": "==0.9.6"
        },
        "preshed": {
            "hashes": [
                "sha256:0d3a156953ed49fc924980543aae9802d285e20f08b460f72331166b3685e6ef",
                "sha256:11fa4ea80663580bf8480d3713a11b4997fec0338e9ceac992233af10433be90",
                "sha256:1ae08e4f122a4702c2c37bcb01bcf626714e658140715965efbe4147be4349f0",
                "sha256:24734f6f0d9b6f6aef5b2a4548a58273b914f9c49cb99ca537b4f9868a669cd9",
                "sha256:3a15f27a99c2ea2fd585c3d45468b11e69f84a54d22f26d0b27b95b781df7fa8",
                "sha256:66246aea95cfe5f990df3520ea2c4e3395acdc0dc7824625b2a332a26018c15c",
                "sha256:7b99ace606143a922163a7ff7ad4969b296288f5b20b9c9bda328caec3b92f71",
                "sha256:810a4170bc4746f8135f864cd52584c180ee25e23b939b83431c950b24356e9a",
                "sha256:8717c89fd0aec0bd014f28b3e08fd647e0716c4055d7be6e61ad66cf079d31f5",
                "sha256:8f6bcf62f0fa27d8436bc050a540884a8a9068038e6e1c303df0695b7a4e3ef6",
                "sha256:9a8e118194b184a35f805ad0fbc38ca03b28c362fe8c64019c6b5e1a21385264",
                "sha256:a15ce6a5d7cdb7e90b54c6e4c2854c1098360b4c2d6e32ca0bf88254e75cebbf",
                "sha256:a363eae0a62746e50747356619d0df0fe2aa5b0bb2bfe0aaed222d8d9be59dd6",
                "sha256:a8b059dbfc4ec60ec6b2c6457199b666fec52378543a99dc7dc15e41c78d6f47",
                "sha256:af415752b56999c78f508077cb7d5d10989850d1764fcdb85ea71c08b5b01ca2",
                "sha256:c4b47e3d34e7a11b7383ffc31ae1864baef80310831289c0fadf5f4872a9cc0f",
                "sha256:cc68c3a0dac7d8a94a0c3363032fa4af750d15fe03b4de48c86941598467fb3c",
                "sha256:cd2a0d07ca8d07babfe578df9df83bdfd1be17e79a99229eb908f3faadf57f78",
                "sha256:d17ee11714a07928b67bd523e4e451bd43080e19cb50be92854370b07c0c31bc",
                "sha256:ebca0b22680fc0d46d5f8a0506da022df577935f24f8d67c3e2099acef0178ad",
                "sha256:f7fd8cd5ee414d463d5fb14603b463aac92e9f9fddc02835b2e954aa643d6497",
                "sha256:f935d9632e6efb603cb29944140ed6efe05d34fba8f878ce313fe11b71c017f1",
                "sha256:fcfc25f033d6326d30f20b9cf6a54089b5c31b021f6da1269480bea03c7a1009"
            ],
            "version": "==1.0.1"
        },
        "regex": {
            "hashes": [
                "sha256:19c4b0f68dd97b7116e590f47d60d97ab9e76966acc321b1d20dd87c2b64dff2",
                "sha256:1af6b820bec5ca82af87447af5a6dcc23b3ddc96b0184fd71666be0c24fb2a4f",
                "sha256:232dbc28a2562d92d713c3c1eb2b9276f3ebcbdb6d3e96ff68d0417a71926784",
                "sha256:3d26ce7e605a501509b68c343fc9d9e09f76c2e9e261df8183027bdc750c97ce",
                "sha256:52b590a41b9677314d02d9055edc33992db758b3d5167aa1365229a6a0c26a6d",
                "sha256:565f9aac9cd43b2351f7fcbc0d6056f8aebf4f6d049a17982085019ab9acdf28",
                "sha256:656984899644d3fe2e40533724f513a21127f77162a15dd5244af3c965152c63",
                "sha256:689c9d17c3ba02f52e8481a5c584c8c11ba27d6cc5f939efdd838ae0d0d1af41",
                "sha256:8a9d9db8ef1621ae51ea12acb5e503204b4586e05c6cfd418aecb9466a71bd87",
                "sha256:ad2beea450d551b11b47512ce920127d7c8645e528cc56dc9502c5973e8732f3",
                "sha256:b39867f577bc59b2fec9209facc513c761978e4ac63f4b73b9750a2c1501729e",
                "sha256:b6a7725a069be8f9dd09e1e500e5b57556b301942e21c8c712627f73ec048286",
                "sha256:b9e9b97696e75e826adac1920b13e7bac3a6a2128c085783abd208d73a278d70",
                "sha256:bf4896ed1ca2017153fc6b341bc8a0da8ca5480f85eebd7bfe58bbafceb4e728",
                "sha256:c3c2fe1e0d90f4c93be5b588480f05defd44f64c65767a657de69c4db4429a39",
                "sha256:d811874ed669165fe1059a54f860db5c6ab5f48100bf4945d915fd2f877b2531",
                "sha256:db616380b04e29e5709bc3ec0674e827dfed3d18e7d686c09537ab01506127c9",
                "sha256:efa66273b49dbd7a9f6a4d02d1a7d5bf353d568a89f7cd8927812daa9f83bb84",
                "sha256:f8feab5b517cdc65a61a50549e7dcfa0f61ab872a0034da1f6b8d61775178b6a"
            ],
            "version": "==2017.4.5"
        },
        "requests": {
            "hashes": [
                "sha256:7c5599b102feddaa661c826c56ab4fee28bfd17f5abca1ebbe3e7f19d7c97983",
                "sha256:8fefa2a1a1365bf5520aac41836fbee479da67864514bdb821f31ce07ce65349"
            ],
            "markers": "python_version >= '3.7' and python_version < '4'",
            "version": "==2.28.1"
        },
        "six": {
            "hashes": [
                "sha256:1e61c37477a1626458e36f7b1d82aa5c9b094fa4802892072e49de9c60c4c926",
                "sha256:8abb2f1d86890a2dfb989f9a77cfcfd3e47c2a354b01111771326f8aa26e0254"
            ],
            "markers": "python_version >= '2.7' and python_version not in '3.0, 3.1, 3.2, 3.3'",
            "version": "==1.16.0"
        },
        "spacy": {
            "hashes": [
                "sha256:45d7ba0903a9cc7901cc4babf27515b1b7c7567658ba39ce5dc77c0fa98313c6"
            ],
            "index": "pypi",
            "version": "==2.0.9"
        },
        "thinc": {
            "hashes": [
                "sha256:6e89d60f6165685837ebaff6a978ea9ca2b6c8c551a0886125c27de42e8fcf04"
            ],
            "version": "==6.10.3"
        },
        "toolz": {
            "hashes": [
                "sha256:2059bd4148deb1884bb0eb770a3cde70e7f954cfbbdc2285f1f2de01fd21eb6f",
                "sha256:88c570861c440ee3f2f6037c4654613228ff40c93a6c25e0eba70d17282c6194"
            ],
            "markers": "python_version >= '3.5'",
            "version": "==0.12.0"
        },
        "tqdm": {
            "hashes": [
                "sha256:5f4f682a004951c1b450bc753c710e9280c5746ce6ffedee253ddbcbf54cf1e4",
                "sha256:6fee160d6ffcd1b1c68c65f14c829c22832bc401726335ce92c52d395944a6a1"
            ],
            "markers": "python_version >= '2.7' and python_version not in '3.0, 3.1, 3.2, 3.3'",
            "version": "==4.64.1"
        },
        "ujson": {
            "hashes": [
                "sha256:0f0f21157d1a84ad5fb54388f31767cde9c1a48fb29de7ef91d8887fdc2ca92b",
                "sha256:1217326ba80eab1ff3f644f9eee065bd4fcc4e0c068a2f86f851cafd05737169",
                "sha256:169b3fbd1188647c6ce00cb690915526aff86997c89a94c1b50432010ad7ae0f",
                "sha256:1a7e4023c79d9a053c0c6b7c6ec50ea0af78381539ab27412e6af8d9410ae555",
                "sha256:20d929a27822cb79e034cc5e0bb62daa0257ab197247cb6f35d5149f2f438983",
                "sha256:213e41dc501b4a6d029873039da3e45ba7766b9f9eba97ecc4287c371f5403cc",
                "sha256:23051f062bb257a87f3e55ea5a055ea98d56f08185fd415b34313268fa4d814e",
                "sha256:24d40e01accbf4f0ba5181c4db1bac83749fdc1a5413466da582529f2a096085",
                "sha256:2a24b9a96364f943a4754fa00b47855d0a01b84ac4b8b11ebf058c8fb68c1f77",
                "sha256:2cb7a4bd91de97b4c8e57fb5289d1e5f3f019723b59d01d79e2df83783dce5a6",
                "sha256:31288f85db6295ec63e128daff7285bb0bc220935e1b5107bd2d67e2dc687b7e",
                "sha256:35423460954d0c61602da734697724e8dd5326a8aa7900123e584b935116203e",
                "sha256:355ef5311854936b9edc7f1ce638f8257cb45fb6b9873f6b2d16a715eafc9570",
                "sha256:3a68a204386648ec92ae9b526c1ffca528f38221eca70f98b4709390c3204275",
                "sha256:3ad74eb53ee07e76c82f9ef8e7256c33873b81bd1f97a274fdb65ed87c2801f6",
                "sha256:3b49a1014d396b962cb1d6c5f867f88b2c9aa9224c3860ee6ff63b2837a2965b",
                "sha256:3f00dff3bf26bbb96791ceaf51ca95a3f34e2a21985748da855a650c38633b99",
                "sha256:3f8b9e8c0420ce3dcc193ab6dd5628840ba79ad1b76e1816ac7ca6752c6bf035",
                "sha256:52f536712d16a1f4e0f9d084982c28e11b7e70c397a1059069e4d28d53b3f522",
                "sha256:551408a5c4306839b4a4f91503c96069204dbef2c7ed91a9dab08874ac1ed679",
                "sha256:57904e5b49ffe93189349229dcd83f73862ef9bb8517e8f1e62d0ff73f313847",
                "sha256:5e5715b0e2767b1987ceed0066980fc0a53421dd2f197b4f88460d474d6aef4c",
                "sha256:61fdf24f7bddc402ce06b25e4bed7bf5ee4f03e23028a0a09116835c21d54888",
                "sha256:6d0a60c5f065737a81249c819475d001a86da9a41900d888287e34619c9b4851",
                "sha256:6ea9024749a41864bffb12da15aace4a3193c03ea97e77b069557aefa342811f",
                "sha256:7174e81c137d480abe2f8036e9fb69157e509f2db0bfdee4488eb61dc3f0ff6b",
                "sha256:72fa6e850831280a46704032721c75155fd41b839ddadabb6068ab218c56a37a",
                "sha256:74671d1bde8c03daeb92abdbd972960978347b1a1d432c4c1b3c9284ce4094cf",
                "sha256:798116b88158f13ed687417526100ef353ba4692e0aef8afbc622bd4bf7e9057",
                "sha256:7a66c5a75b46545361271b4cf55560d9ad8bad794dd054a14b3fbb031407948e",
                "sha256:7bde16cb18b95a8f68cc48715e4652b394b4fee68cb3f9fee0fd7d26b29a53b6",
                "sha256:82bf24ea72a73c7d77402a7adc954931243e7ec4241d5738ae74894b53944458",
                "sha256:87578ccfc35461c77e73660fb7d89bc577732f671364f442bda9e2c58b571765",
                "sha256:91000612a2c30f50c6a009e6459a677e5c1972e51b59ecefd6063543dc47a4e9",
                "sha256:9cf04fcc958bb52a6b6c301b780cb9afab3ec68713b17ca5aa423e1f99c2c1cf",
                "sha256:9f4efcac06f45183b6ed8e2321554739a964a02d8aa3089ec343253d86bf2804",
                "sha256:a51cbe614acb5ea8e2006e4fd80b4e8ea7c51ae51e42c75290012f4925a9d6ab",
                "sha256:a8795de7ceadf84bcef88f947f91900d647eda234a2c6cc89912c25048cc0490",
                "sha256:ae723b8308ac17a591bb8be9478b58c2c26fada23fd2211fc323796801ad7ff5",
                "sha256:aff708a1b9e2d4979f74375ade0bff978be72c8bd90422a756d24d8a46d78059",
                "sha256:b2aece7a92dffc9c78787f5f36e47e24b95495812270c27abc2fa430435a931d",
                "sha256:b4420bfff18ca6aa39cfb22fe35d8aba3811fa1190c4f4e1ad816b0aad72f7e3",
                "sha256:b64d2ac99503a9a5846157631addacc9f74e23f64d5a886fe910e9662660fa10",
                "sha256:b72d4d948749e9c6afcd3d7af9ecc780fccde84e26d275c97273dd83c68a488b",
                "sha256:b74396a655ac8a5299dcb765b4a17ba706e45c0df95818bcc6c13c4645a1c38e",
                "sha256:b9e9d26600020cf635a4e58763959f5a59f8c70f75d72ebf26ceae94c2efac74",
                "sha256:bca074d08f0677f05df8170b25ce6e61db3bcdfda78062444972fa6508dc825f",
                "sha256:bca3c06c3f10ce03fa80b1301dce53765815c2578a24bd141ce4e5769bb7b709",
                "sha256:bfb1fdf61763fafc0f8a20becf9cc4287c14fc41c0e14111d28c0d0dfda9ba56",
                "sha256:c169e12642f0edf1dde607fb264721b88787b55a6da5fb3824302a9cac6f9405",
                "sha256:c4277f6b1d24be30b7f87ec5346a87693cbc1e55bbc5877f573381b2250c4dd6",
                "sha256:ceee5aef3e234c7e998fdb52e5236c41e50cdedc116360f7f1874a04829f6490",
                "sha256:d1b5e233e42f53bbbc6961caeb492986e9f3aeacd30be811467583203873bad2",
                "sha256:d6f4be832d97836d62ac0c148026ec021f9f36481f38e455b51538fcd949ed2a",
                "sha256:dd5ccc036b0f4721b98e1c03ccc604e7f3e1db53866ccc92b2add40ace1782f7",
                "sha256:dde59d2f06297fc4e70b2bae6e4a6b3ce89ca89697ab2c41e641abae3be96b0c",
                "sha256:e4be7d865cb5161824e12db71cee83290ab72b3523566371a30d6ba1bd63402a",
                "sha256:e97af10b6f13a498de197fb852e9242064217c25dfca79ebe7ad0cf2b0dd0cb7",
                "sha256:f2d70b7f0b485f85141bbc518d0581ae96b912d9f8b070eaf68a9beef8eb1e60",
                "sha256:f3e651f04b7510fae7d4706a4600cd43457f015df08702ece82a71339fc15c3d",
                "sha256:f63535d51e039a984b2fb67ff87057ffe4216d4757c3cedf2fc846af88253cb7",
                "sha256:f881e2d8a022e9285aa2eab6ba8674358dbcb2b57fa68618d88d62937ac3ff04",
                "sha256:fadebaddd3eb71a5c986f0bdc7bb28b072bfc585c141eef37474fc66d1830b0a",
                "sha256:fb1632b27e12c0b0df62f924c362206daf246a42c0080e959dd465810dc3482e",
                "sha256:fecf83b2ef3cbce4f5cc573df6f6ded565e5e27c1af84038bae5ade306686d82"
            ],
            "markers": "python_version >= '3.7'",
            "version": "==5.6.0"
        },
        "urllib3": {
            "hashes": [
                "sha256:47cc05d99aaa09c9e72ed5809b60e7ba354e64b59c9c173ac3018642d8bb41fc",
                "sha256:c083dd0dce68dbfbe1129d5271cb90f9447dea7d52097c6e0126120c521ddea8"
            ],
            "markers": "python_version >= '2.7' and python_version not in '3.0, 3.1, 3.2, 3.3, 3.4, 3.5'",
            "version": "==1.26.13"
        },
        "wcwidth": {
            "hashes": [
                "sha256:beb4802a9cebb9144e99086eff703a642a13d6a0052920003a230f3294bbe784",
                "sha256:c4d647b99872929fdb7bdcaa4fbe7f01413ed3d98077df798530e5b04f116c83"
            ],
            "version": "==0.2.5"
        },
        "wrapt": {
            "hashes": [
                "sha256:d4d560d479f2c21e1b5443bbd15fe7ec4b37fe7e53d335d3b9b0a7b1226fe3c6"
            ],
            "version": "==1.10.11"
        }
    },
    "develop": {}
}
